// !$*UTF8*$!
{
	archiveVersion = 1;
	classes = {
	};
	objectVersion = 56;
	objects = {

/* Begin PBXBuildFile section */
		EB41A0E32993E1AA003550B8 /* HomeScreen.swift in Sources */ = {isa = PBXBuildFile; fileRef = EB41A0E22993E1AA003550B8 /* HomeScreen.swift */; };
		EB41A0E52993E1BA003550B8 /* MealDetailScreen.swift in Sources */ = {isa = PBXBuildFile; fileRef = EB41A0E42993E1BA003550B8 /* MealDetailScreen.swift */; };
		EB41A0E72993E1CC003550B8 /* OrderScreen.swift in Sources */ = {isa = PBXBuildFile; fileRef = EB41A0E62993E1CC003550B8 /* OrderScreen.swift */; };
		EB41A0E92993E1DC003550B8 /* AccountDetailScreen.swift in Sources */ = {isa = PBXBuildFile; fileRef = EB41A0E82993E1DC003550B8 /* AccountDetailScreen.swift */; };
		EB41A0EB2993E206003550B8 /* FavoriteFoodScreen.swift in Sources */ = {isa = PBXBuildFile; fileRef = EB41A0EA2993E206003550B8 /* FavoriteFoodScreen.swift */; };
		EB41A0ED2993E221003550B8 /* WatchDeliveryScreen.swift in Sources */ = {isa = PBXBuildFile; fileRef = EB41A0EC2993E221003550B8 /* WatchDeliveryScreen.swift */; };
		EB41A0EF2993E321003550B8 /* LoginScreenProtocols.swift in Sources */ = {isa = PBXBuildFile; fileRef = EB41A0EE2993E321003550B8 /* LoginScreenProtocols.swift */; };
		EB41A0F12993E32B003550B8 /* LoginScreenRouter.swift in Sources */ = {isa = PBXBuildFile; fileRef = EB41A0F02993E32B003550B8 /* LoginScreenRouter.swift */; };
		EB41A0F32993E331003550B8 /* LoginScreenInteractor.swift in Sources */ = {isa = PBXBuildFile; fileRef = EB41A0F22993E331003550B8 /* LoginScreenInteractor.swift */; };
		EB41A0F52993E339003550B8 /* LoginScreenPresenter.swift in Sources */ = {isa = PBXBuildFile; fileRef = EB41A0F42993E339003550B8 /* LoginScreenPresenter.swift */; };
		EB41A0F72993E39C003550B8 /* HomeScreenProtocols.swift in Sources */ = {isa = PBXBuildFile; fileRef = EB41A0F62993E39C003550B8 /* HomeScreenProtocols.swift */; };
		EB41A0F92993E3A1003550B8 /* MealDetailScreenProtocols.swift in Sources */ = {isa = PBXBuildFile; fileRef = EB41A0F82993E3A1003550B8 /* MealDetailScreenProtocols.swift */; };
		EB41A0FB2993E3AA003550B8 /* OrderScreenProtocols.swift in Sources */ = {isa = PBXBuildFile; fileRef = EB41A0FA2993E3AA003550B8 /* OrderScreenProtocols.swift */; };
		EB41A0FD2993E3AF003550B8 /* AccountDetailScreenProtocols.swift in Sources */ = {isa = PBXBuildFile; fileRef = EB41A0FC2993E3AF003550B8 /* AccountDetailScreenProtocols.swift */; };
		EB41A0FF2993E3B6003550B8 /* FavoriteFoodScreenProtocols.swift in Sources */ = {isa = PBXBuildFile; fileRef = EB41A0FE2993E3B6003550B8 /* FavoriteFoodScreenProtocols.swift */; };
		EB41A1012993E3BB003550B8 /* WatchDeliveryScreenProtocols.swift in Sources */ = {isa = PBXBuildFile; fileRef = EB41A1002993E3BB003550B8 /* WatchDeliveryScreenProtocols.swift */; };
		EB41A1032993E3CA003550B8 /* HomeScreenRouter.swift in Sources */ = {isa = PBXBuildFile; fileRef = EB41A1022993E3CA003550B8 /* HomeScreenRouter.swift */; };
		EB41A1052993E3D7003550B8 /* MealDetailScreenRouter.swift in Sources */ = {isa = PBXBuildFile; fileRef = EB41A1042993E3D7003550B8 /* MealDetailScreenRouter.swift */; };
		EB41A1072993E3DC003550B8 /* OrderScreenRouter.swift in Sources */ = {isa = PBXBuildFile; fileRef = EB41A1062993E3DC003550B8 /* OrderScreenRouter.swift */; };
		EB41A1092993E3DF003550B8 /* AccountDetailScreenRouter.swift in Sources */ = {isa = PBXBuildFile; fileRef = EB41A1082993E3DF003550B8 /* AccountDetailScreenRouter.swift */; };
		EB41A10B2993E3E3003550B8 /* FavoriteFoodScreenRouter.swift in Sources */ = {isa = PBXBuildFile; fileRef = EB41A10A2993E3E3003550B8 /* FavoriteFoodScreenRouter.swift */; };
		EB41A10D2993E3E7003550B8 /* WatchDeliveryScreenRouter.swift in Sources */ = {isa = PBXBuildFile; fileRef = EB41A10C2993E3E7003550B8 /* WatchDeliveryScreenRouter.swift */; };
		EB41A10F2993E3F1003550B8 /* HomeScreenInteractor.swift in Sources */ = {isa = PBXBuildFile; fileRef = EB41A10E2993E3F1003550B8 /* HomeScreenInteractor.swift */; };
		EB41A1112993E3F7003550B8 /* MealDetailScreenInteractor.swift in Sources */ = {isa = PBXBuildFile; fileRef = EB41A1102993E3F7003550B8 /* MealDetailScreenInteractor.swift */; };
		EB41A1132993E3FD003550B8 /* OrderScreenInteractor.swift in Sources */ = {isa = PBXBuildFile; fileRef = EB41A1122993E3FD003550B8 /* OrderScreenInteractor.swift */; };
		EB41A1152993E402003550B8 /* AccountDetailScreenInteractor.swift in Sources */ = {isa = PBXBuildFile; fileRef = EB41A1142993E402003550B8 /* AccountDetailScreenInteractor.swift */; };
		EB41A1172993E407003550B8 /* FavoriteFoodScreenInteractor.swift in Sources */ = {isa = PBXBuildFile; fileRef = EB41A1162993E407003550B8 /* FavoriteFoodScreenInteractor.swift */; };
		EB41A1192993E40D003550B8 /* WatchDeliveryScreenInteractor.swift in Sources */ = {isa = PBXBuildFile; fileRef = EB41A1182993E40D003550B8 /* WatchDeliveryScreenInteractor.swift */; };
		EB41A11B2993E418003550B8 /* HomeScreenPresenter.swift in Sources */ = {isa = PBXBuildFile; fileRef = EB41A11A2993E418003550B8 /* HomeScreenPresenter.swift */; };
		EB41A11D2993E41D003550B8 /* MealDetailScreenPresenter.swift in Sources */ = {isa = PBXBuildFile; fileRef = EB41A11C2993E41D003550B8 /* MealDetailScreenPresenter.swift */; };
		EB41A11F2993E421003550B8 /* OrderScreenPresenter.swift in Sources */ = {isa = PBXBuildFile; fileRef = EB41A11E2993E421003550B8 /* OrderScreenPresenter.swift */; };
		EB41A1212993E426003550B8 /* AccountDetailScreenPresenter.swift in Sources */ = {isa = PBXBuildFile; fileRef = EB41A1202993E426003550B8 /* AccountDetailScreenPresenter.swift */; };
		EB41A1232993E42C003550B8 /* FavoriteFoodScreenPresenter.swift in Sources */ = {isa = PBXBuildFile; fileRef = EB41A1222993E42C003550B8 /* FavoriteFoodScreenPresenter.swift */; };
		EB41A1252993E431003550B8 /* WatchDeliveryScreenPresenter.swift in Sources */ = {isa = PBXBuildFile; fileRef = EB41A1242993E431003550B8 /* WatchDeliveryScreenPresenter.swift */; };
		EB739BB02993788D0065634B /* GoogleService-Info.plist in Resources */ = {isa = PBXBuildFile; fileRef = EB739BAF2993788D0065634B /* GoogleService-Info.plist */; };
		EB739BB329937A660065634B /* FirebaseAuth in Frameworks */ = {isa = PBXBuildFile; productRef = EB739BB229937A660065634B /* FirebaseAuth */; };
		EB739BB529937A660065634B /* FirebaseDatabase in Frameworks */ = {isa = PBXBuildFile; productRef = EB739BB429937A660065634B /* FirebaseDatabase */; };
		EB8593AF299578D4006ABE92 /* MealCell.swift in Sources */ = {isa = PBXBuildFile; fileRef = EB8593AE299578D4006ABE92 /* MealCell.swift */; };
		EB915ED029959F4E0029C554 /* UIHelper.swift in Sources */ = {isa = PBXBuildFile; fileRef = EB915ECF29959F4E0029C554 /* UIHelper.swift */; };
		EB915ED229959FA90029C554 /* CGFloat+Ext.swift in Sources */ = {isa = PBXBuildFile; fileRef = EB915ED129959FA90029C554 /* CGFloat+Ext.swift */; };
		EB936D482995A7170027C732 /* Kingfisher in Frameworks */ = {isa = PBXBuildFile; productRef = EB936D472995A7170027C732 /* Kingfisher */; };
		EB936D4A2995AECF0027C732 /* Meals.swift in Sources */ = {isa = PBXBuildFile; fileRef = EB936D492995AECF0027C732 /* Meals.swift */; };
		EB936D4C2995B0780027C732 /* BasketMeals.swift in Sources */ = {isa = PBXBuildFile; fileRef = EB936D4B2995B0780027C732 /* BasketMeals.swift */; };
		EB936D502995C8E10027C732 /* NetworkManager.swift in Sources */ = {isa = PBXBuildFile; fileRef = EB936D4F2995C8E10027C732 /* NetworkManager.swift */; };
		EBAAA71229945A8D00374286 /* String+Ext.swift in Sources */ = {isa = PBXBuildFile; fileRef = EBAAA71129945A8D00374286 /* String+Ext.swift */; };
		EBAAA7182994698F00374286 /* Constants.swift in Sources */ = {isa = PBXBuildFile; fileRef = EBAAA7172994698F00374286 /* Constants.swift */; };
		EBAF19852996E5CD00A97A53 /* Alamofire in Frameworks */ = {isa = PBXBuildFile; productRef = EBAF19842996E5CD00A97A53 /* Alamofire */; };
		EBAF19882997023000A97A53 /* Lottie in Frameworks */ = {isa = PBXBuildFile; productRef = EBAF19872997023000A97A53 /* Lottie */; };
		EBB02BBA29912F57008A583F /* AppDelegate.swift in Sources */ = {isa = PBXBuildFile; fileRef = EBB02BB929912F57008A583F /* AppDelegate.swift */; };
		EBB02BBC29912F57008A583F /* SceneDelegate.swift in Sources */ = {isa = PBXBuildFile; fileRef = EBB02BBB29912F57008A583F /* SceneDelegate.swift */; };
		EBB02BBE29912F57008A583F /* LoginScreen.swift in Sources */ = {isa = PBXBuildFile; fileRef = EBB02BBD29912F57008A583F /* LoginScreen.swift */; };
		EBB02BC129912F57008A583F /* Main.storyboard in Resources */ = {isa = PBXBuildFile; fileRef = EBB02BBF29912F57008A583F /* Main.storyboard */; };
		EBB02BC329912F57008A583F /* Assets.xcassets in Resources */ = {isa = PBXBuildFile; fileRef = EBB02BC229912F57008A583F /* Assets.xcassets */; };
		EBB02BC629912F57008A583F /* LaunchScreen.storyboard in Resources */ = {isa = PBXBuildFile; fileRef = EBB02BC429912F57008A583F /* LaunchScreen.storyboard */; };
/* End PBXBuildFile section */

/* Begin PBXFileReference section */
		EB41A0E22993E1AA003550B8 /* HomeScreen.swift */ = {isa = PBXFileReference; lastKnownFileType = sourcecode.swift; path = HomeScreen.swift; sourceTree = "<group>"; };
		EB41A0E42993E1BA003550B8 /* MealDetailScreen.swift */ = {isa = PBXFileReference; lastKnownFileType = sourcecode.swift; path = MealDetailScreen.swift; sourceTree = "<group>"; };
		EB41A0E62993E1CC003550B8 /* OrderScreen.swift */ = {isa = PBXFileReference; lastKnownFileType = sourcecode.swift; path = OrderScreen.swift; sourceTree = "<group>"; };
		EB41A0E82993E1DC003550B8 /* AccountDetailScreen.swift */ = {isa = PBXFileReference; lastKnownFileType = sourcecode.swift; path = AccountDetailScreen.swift; sourceTree = "<group>"; };
		EB41A0EA2993E206003550B8 /* FavoriteFoodScreen.swift */ = {isa = PBXFileReference; lastKnownFileType = sourcecode.swift; path = FavoriteFoodScreen.swift; sourceTree = "<group>"; };
		EB41A0EC2993E221003550B8 /* WatchDeliveryScreen.swift */ = {isa = PBXFileReference; lastKnownFileType = sourcecode.swift; path = WatchDeliveryScreen.swift; sourceTree = "<group>"; };
		EB41A0EE2993E321003550B8 /* LoginScreenProtocols.swift */ = {isa = PBXFileReference; lastKnownFileType = sourcecode.swift; path = LoginScreenProtocols.swift; sourceTree = "<group>"; };
		EB41A0F02993E32B003550B8 /* LoginScreenRouter.swift */ = {isa = PBXFileReference; lastKnownFileType = sourcecode.swift; path = LoginScreenRouter.swift; sourceTree = "<group>"; };
		EB41A0F22993E331003550B8 /* LoginScreenInteractor.swift */ = {isa = PBXFileReference; lastKnownFileType = sourcecode.swift; path = LoginScreenInteractor.swift; sourceTree = "<group>"; };
		EB41A0F42993E339003550B8 /* LoginScreenPresenter.swift */ = {isa = PBXFileReference; lastKnownFileType = sourcecode.swift; path = LoginScreenPresenter.swift; sourceTree = "<group>"; };
		EB41A0F62993E39C003550B8 /* HomeScreenProtocols.swift */ = {isa = PBXFileReference; lastKnownFileType = sourcecode.swift; path = HomeScreenProtocols.swift; sourceTree = "<group>"; };
		EB41A0F82993E3A1003550B8 /* MealDetailScreenProtocols.swift */ = {isa = PBXFileReference; lastKnownFileType = sourcecode.swift; path = MealDetailScreenProtocols.swift; sourceTree = "<group>"; };
		EB41A0FA2993E3AA003550B8 /* OrderScreenProtocols.swift */ = {isa = PBXFileReference; lastKnownFileType = sourcecode.swift; path = OrderScreenProtocols.swift; sourceTree = "<group>"; };
		EB41A0FC2993E3AF003550B8 /* AccountDetailScreenProtocols.swift */ = {isa = PBXFileReference; lastKnownFileType = sourcecode.swift; path = AccountDetailScreenProtocols.swift; sourceTree = "<group>"; };
		EB41A0FE2993E3B6003550B8 /* FavoriteFoodScreenProtocols.swift */ = {isa = PBXFileReference; lastKnownFileType = sourcecode.swift; path = FavoriteFoodScreenProtocols.swift; sourceTree = "<group>"; };
		EB41A1002993E3BB003550B8 /* WatchDeliveryScreenProtocols.swift */ = {isa = PBXFileReference; lastKnownFileType = sourcecode.swift; path = WatchDeliveryScreenProtocols.swift; sourceTree = "<group>"; };
		EB41A1022993E3CA003550B8 /* HomeScreenRouter.swift */ = {isa = PBXFileReference; lastKnownFileType = sourcecode.swift; path = HomeScreenRouter.swift; sourceTree = "<group>"; };
		EB41A1042993E3D7003550B8 /* MealDetailScreenRouter.swift */ = {isa = PBXFileReference; lastKnownFileType = sourcecode.swift; path = MealDetailScreenRouter.swift; sourceTree = "<group>"; };
		EB41A1062993E3DC003550B8 /* OrderScreenRouter.swift */ = {isa = PBXFileReference; lastKnownFileType = sourcecode.swift; path = OrderScreenRouter.swift; sourceTree = "<group>"; };
		EB41A1082993E3DF003550B8 /* AccountDetailScreenRouter.swift */ = {isa = PBXFileReference; lastKnownFileType = sourcecode.swift; path = AccountDetailScreenRouter.swift; sourceTree = "<group>"; };
		EB41A10A2993E3E3003550B8 /* FavoriteFoodScreenRouter.swift */ = {isa = PBXFileReference; lastKnownFileType = sourcecode.swift; path = FavoriteFoodScreenRouter.swift; sourceTree = "<group>"; };
		EB41A10C2993E3E7003550B8 /* WatchDeliveryScreenRouter.swift */ = {isa = PBXFileReference; lastKnownFileType = sourcecode.swift; path = WatchDeliveryScreenRouter.swift; sourceTree = "<group>"; };
		EB41A10E2993E3F1003550B8 /* HomeScreenInteractor.swift */ = {isa = PBXFileReference; lastKnownFileType = sourcecode.swift; path = HomeScreenInteractor.swift; sourceTree = "<group>"; };
		EB41A1102993E3F7003550B8 /* MealDetailScreenInteractor.swift */ = {isa = PBXFileReference; lastKnownFileType = sourcecode.swift; path = MealDetailScreenInteractor.swift; sourceTree = "<group>"; };
		EB41A1122993E3FD003550B8 /* OrderScreenInteractor.swift */ = {isa = PBXFileReference; lastKnownFileType = sourcecode.swift; path = OrderScreenInteractor.swift; sourceTree = "<group>"; };
		EB41A1142993E402003550B8 /* AccountDetailScreenInteractor.swift */ = {isa = PBXFileReference; lastKnownFileType = sourcecode.swift; path = AccountDetailScreenInteractor.swift; sourceTree = "<group>"; };
		EB41A1162993E407003550B8 /* FavoriteFoodScreenInteractor.swift */ = {isa = PBXFileReference; lastKnownFileType = sourcecode.swift; path = FavoriteFoodScreenInteractor.swift; sourceTree = "<group>"; };
		EB41A1182993E40D003550B8 /* WatchDeliveryScreenInteractor.swift */ = {isa = PBXFileReference; lastKnownFileType = sourcecode.swift; path = WatchDeliveryScreenInteractor.swift; sourceTree = "<group>"; };
		EB41A11A2993E418003550B8 /* HomeScreenPresenter.swift */ = {isa = PBXFileReference; lastKnownFileType = sourcecode.swift; path = HomeScreenPresenter.swift; sourceTree = "<group>"; };
		EB41A11C2993E41D003550B8 /* MealDetailScreenPresenter.swift */ = {isa = PBXFileReference; lastKnownFileType = sourcecode.swift; path = MealDetailScreenPresenter.swift; sourceTree = "<group>"; };
		EB41A11E2993E421003550B8 /* OrderScreenPresenter.swift */ = {isa = PBXFileReference; lastKnownFileType = sourcecode.swift; path = OrderScreenPresenter.swift; sourceTree = "<group>"; };
		EB41A1202993E426003550B8 /* AccountDetailScreenPresenter.swift */ = {isa = PBXFileReference; lastKnownFileType = sourcecode.swift; path = AccountDetailScreenPresenter.swift; sourceTree = "<group>"; };
		EB41A1222993E42C003550B8 /* FavoriteFoodScreenPresenter.swift */ = {isa = PBXFileReference; lastKnownFileType = sourcecode.swift; path = FavoriteFoodScreenPresenter.swift; sourceTree = "<group>"; };
		EB41A1242993E431003550B8 /* WatchDeliveryScreenPresenter.swift */ = {isa = PBXFileReference; lastKnownFileType = sourcecode.swift; path = WatchDeliveryScreenPresenter.swift; sourceTree = "<group>"; };
		EB739BAF2993788D0065634B /* GoogleService-Info.plist */ = {isa = PBXFileReference; fileEncoding = 4; lastKnownFileType = text.plist.xml; path = "GoogleService-Info.plist"; sourceTree = "<group>"; };
		EB8593AE299578D4006ABE92 /* MealCell.swift */ = {isa = PBXFileReference; lastKnownFileType = sourcecode.swift; path = MealCell.swift; sourceTree = "<group>"; };
		EB915ECF29959F4E0029C554 /* UIHelper.swift */ = {isa = PBXFileReference; lastKnownFileType = sourcecode.swift; path = UIHelper.swift; sourceTree = "<group>"; };
		EB915ED129959FA90029C554 /* CGFloat+Ext.swift */ = {isa = PBXFileReference; lastKnownFileType = sourcecode.swift; path = "CGFloat+Ext.swift"; sourceTree = "<group>"; };
		EB936D492995AECF0027C732 /* Meals.swift */ = {isa = PBXFileReference; lastKnownFileType = sourcecode.swift; path = Meals.swift; sourceTree = "<group>"; };
		EB936D4B2995B0780027C732 /* BasketMeals.swift */ = {isa = PBXFileReference; lastKnownFileType = sourcecode.swift; path = BasketMeals.swift; sourceTree = "<group>"; };
		EB936D4F2995C8E10027C732 /* NetworkManager.swift */ = {isa = PBXFileReference; lastKnownFileType = sourcecode.swift; path = NetworkManager.swift; sourceTree = "<group>"; };
		EBAAA71129945A8D00374286 /* String+Ext.swift */ = {isa = PBXFileReference; lastKnownFileType = sourcecode.swift; path = "String+Ext.swift"; sourceTree = "<group>"; };
		EBAAA7172994698F00374286 /* Constants.swift */ = {isa = PBXFileReference; lastKnownFileType = sourcecode.swift; path = Constants.swift; sourceTree = "<group>"; };
		EBB02BB629912F57008A583F /* GraduationProject.app */ = {isa = PBXFileReference; explicitFileType = wrapper.application; includeInIndex = 0; path = GraduationProject.app; sourceTree = BUILT_PRODUCTS_DIR; };
		EBB02BB929912F57008A583F /* AppDelegate.swift */ = {isa = PBXFileReference; lastKnownFileType = sourcecode.swift; path = AppDelegate.swift; sourceTree = "<group>"; };
		EBB02BBB29912F57008A583F /* SceneDelegate.swift */ = {isa = PBXFileReference; lastKnownFileType = sourcecode.swift; path = SceneDelegate.swift; sourceTree = "<group>"; };
		EBB02BBD29912F57008A583F /* LoginScreen.swift */ = {isa = PBXFileReference; lastKnownFileType = sourcecode.swift; path = LoginScreen.swift; sourceTree = "<group>"; };
		EBB02BC029912F57008A583F /* Base */ = {isa = PBXFileReference; lastKnownFileType = file.storyboard; name = Base; path = Base.lproj/Main.storyboard; sourceTree = "<group>"; };
		EBB02BC229912F57008A583F /* Assets.xcassets */ = {isa = PBXFileReference; lastKnownFileType = folder.assetcatalog; path = Assets.xcassets; sourceTree = "<group>"; };
		EBB02BC529912F57008A583F /* Base */ = {isa = PBXFileReference; lastKnownFileType = file.storyboard; name = Base; path = Base.lproj/LaunchScreen.storyboard; sourceTree = "<group>"; };
		EBB02BC729912F57008A583F /* Info.plist */ = {isa = PBXFileReference; lastKnownFileType = text.plist.xml; path = Info.plist; sourceTree = "<group>"; };
/* End PBXFileReference section */

/* Begin PBXFrameworksBuildPhase section */
		EBB02BB329912F57008A583F /* Frameworks */ = {
			isa = PBXFrameworksBuildPhase;
			buildActionMask = 2147483647;
			files = (
				EBAF19882997023000A97A53 /* Lottie in Frameworks */,
				EB936D482995A7170027C732 /* Kingfisher in Frameworks */,
				EBAF19852996E5CD00A97A53 /* Alamofire in Frameworks */,
				EB739BB529937A660065634B /* FirebaseDatabase in Frameworks */,
				EB739BB329937A660065634B /* FirebaseAuth in Frameworks */,
			);
			runOnlyForDeploymentPostprocessing = 0;
		};
/* End PBXFrameworksBuildPhase section */

/* Begin PBXGroup section */
		EB41A0B82993D7B1003550B8 /* loginscreen-module */ = {
			isa = PBXGroup;
			children = (
				EB41A0C32993DFE0003550B8 /* protocols */,
				EB41A0C22993DFD7003550B8 /* router */,
				EB41A0C12993DFB1003550B8 /* interactor */,
				EB41A0C02993DFA6003550B8 /* presenter */,
				EB41A0BF2993DFA1003550B8 /* view */,
			);
			path = "loginscreen-module";
			sourceTree = "<group>";
		};
		EB41A0B92993D92B003550B8 /* homescreen-module */ = {
			isa = PBXGroup;
			children = (
				EB8593AD2995784A006ABE92 /* collectionview */,
				EB41A0C82993E050003550B8 /* protocols */,
				EB41A0C72993E04B003550B8 /* router */,
				EB41A0C62993E045003550B8 /* interactor */,
				EB41A0C52993E03A003550B8 /* presenter */,
				EB41A0C42993E025003550B8 /* view */,
			);
			path = "homescreen-module";
			sourceTree = "<group>";
		};
		EB41A0BA2993D9AB003550B8 /* mealdetailscreen-module */ = {
			isa = PBXGroup;
			children = (
				EB41A0CD2993E0C5003550B8 /* protocols */,
				EB41A0CC2993E0BA003550B8 /* router */,
				EB41A0CB2993E078003550B8 /* interactor */,
				EB41A0CA2993E06E003550B8 /* presenter */,
				EB41A0C92993E06A003550B8 /* view */,
			);
			path = "mealdetailscreen-module";
			sourceTree = "<group>";
		};
		EB41A0BB2993DA12003550B8 /* orderscreen-module */ = {
			isa = PBXGroup;
			children = (
				EB41A0DE2993E13E003550B8 /* protocols */,
				EB41A0DA2993E12A003550B8 /* router */,
				EB41A0D62993E10D003550B8 /* interactor */,
				EB41A0D22993E0F3003550B8 /* presenter */,
				EB41A0CE2993E0DF003550B8 /* view */,
			);
			path = "orderscreen-module";
			sourceTree = "<group>";
		};
		EB41A0BC2993DB5B003550B8 /* accountdetailscreen-module */ = {
			isa = PBXGroup;
			children = (
				EB41A0DF2993E142003550B8 /* protocols */,
				EB41A0DB2993E12E003550B8 /* router */,
				EB41A0D72993E113003550B8 /* interactor */,
				EB41A0D32993E0FC003550B8 /* presenter */,
				EB41A0CF2993E0E3003550B8 /* view */,
			);
			path = "accountdetailscreen-module";
			sourceTree = "<group>";
		};
		EB41A0BD2993DB8B003550B8 /* favoritefoodscreen-module */ = {
			isa = PBXGroup;
			children = (
				EB41A0E02993E145003550B8 /* protocols */,
				EB41A0DC2993E131003550B8 /* router */,
				EB41A0D82993E118003550B8 /* interactor */,
				EB41A0D42993E100003550B8 /* presenter */,
				EB41A0D02993E0E8003550B8 /* view */,
			);
			path = "favoritefoodscreen-module";
			sourceTree = "<group>";
		};
		EB41A0BE2993DC30003550B8 /* watchdeliveryscreen-module */ = {
			isa = PBXGroup;
			children = (
				EB41A0E12993E148003550B8 /* protocols */,
				EB41A0DD2993E134003550B8 /* router */,
				EB41A0D92993E11E003550B8 /* interactor */,
				EB41A0D52993E104003550B8 /* presenter */,
				EB41A0D12993E0EC003550B8 /* view */,
			);
			path = "watchdeliveryscreen-module";
			sourceTree = "<group>";
		};
		EB41A0BF2993DFA1003550B8 /* view */ = {
			isa = PBXGroup;
			children = (
				EBB02BBD29912F57008A583F /* LoginScreen.swift */,
			);
			path = view;
			sourceTree = "<group>";
		};
		EB41A0C02993DFA6003550B8 /* presenter */ = {
			isa = PBXGroup;
			children = (
				EB41A0F42993E339003550B8 /* LoginScreenPresenter.swift */,
			);
			path = presenter;
			sourceTree = "<group>";
		};
		EB41A0C12993DFB1003550B8 /* interactor */ = {
			isa = PBXGroup;
			children = (
				EB41A0F22993E331003550B8 /* LoginScreenInteractor.swift */,
			);
			path = interactor;
			sourceTree = "<group>";
		};
		EB41A0C22993DFD7003550B8 /* router */ = {
			isa = PBXGroup;
			children = (
				EB41A0F02993E32B003550B8 /* LoginScreenRouter.swift */,
			);
			path = router;
			sourceTree = "<group>";
		};
		EB41A0C32993DFE0003550B8 /* protocols */ = {
			isa = PBXGroup;
			children = (
				EB41A0EE2993E321003550B8 /* LoginScreenProtocols.swift */,
			);
			path = protocols;
			sourceTree = "<group>";
		};
		EB41A0C42993E025003550B8 /* view */ = {
			isa = PBXGroup;
			children = (
				EB41A0E22993E1AA003550B8 /* HomeScreen.swift */,
			);
			path = view;
			sourceTree = "<group>";
		};
		EB41A0C52993E03A003550B8 /* presenter */ = {
			isa = PBXGroup;
			children = (
				EB41A11A2993E418003550B8 /* HomeScreenPresenter.swift */,
			);
			path = presenter;
			sourceTree = "<group>";
		};
		EB41A0C62993E045003550B8 /* interactor */ = {
			isa = PBXGroup;
			children = (
				EB41A10E2993E3F1003550B8 /* HomeScreenInteractor.swift */,
			);
			path = interactor;
			sourceTree = "<group>";
		};
		EB41A0C72993E04B003550B8 /* router */ = {
			isa = PBXGroup;
			children = (
				EB41A1022993E3CA003550B8 /* HomeScreenRouter.swift */,
			);
			path = router;
			sourceTree = "<group>";
		};
		EB41A0C82993E050003550B8 /* protocols */ = {
			isa = PBXGroup;
			children = (
				EB41A0F62993E39C003550B8 /* HomeScreenProtocols.swift */,
			);
			path = protocols;
			sourceTree = "<group>";
		};
		EB41A0C92993E06A003550B8 /* view */ = {
			isa = PBXGroup;
			children = (
				EB41A0E42993E1BA003550B8 /* MealDetailScreen.swift */,
			);
			path = view;
			sourceTree = "<group>";
		};
		EB41A0CA2993E06E003550B8 /* presenter */ = {
			isa = PBXGroup;
			children = (
				EB41A11C2993E41D003550B8 /* MealDetailScreenPresenter.swift */,
			);
			path = presenter;
			sourceTree = "<group>";
		};
		EB41A0CB2993E078003550B8 /* interactor */ = {
			isa = PBXGroup;
			children = (
				EB41A1102993E3F7003550B8 /* MealDetailScreenInteractor.swift */,
			);
			path = interactor;
			sourceTree = "<group>";
		};
		EB41A0CC2993E0BA003550B8 /* router */ = {
			isa = PBXGroup;
			children = (
				EB41A1042993E3D7003550B8 /* MealDetailScreenRouter.swift */,
			);
			path = router;
			sourceTree = "<group>";
		};
		EB41A0CD2993E0C5003550B8 /* protocols */ = {
			isa = PBXGroup;
			children = (
				EB41A0F82993E3A1003550B8 /* MealDetailScreenProtocols.swift */,
			);
			path = protocols;
			sourceTree = "<group>";
		};
		EB41A0CE2993E0DF003550B8 /* view */ = {
			isa = PBXGroup;
			children = (
				EB41A0E62993E1CC003550B8 /* OrderScreen.swift */,
			);
			path = view;
			sourceTree = "<group>";
		};
		EB41A0CF2993E0E3003550B8 /* view */ = {
			isa = PBXGroup;
			children = (
				EB41A0E82993E1DC003550B8 /* AccountDetailScreen.swift */,
			);
			path = view;
			sourceTree = "<group>";
		};
		EB41A0D02993E0E8003550B8 /* view */ = {
			isa = PBXGroup;
			children = (
				EB41A0EA2993E206003550B8 /* FavoriteFoodScreen.swift */,
			);
			path = view;
			sourceTree = "<group>";
		};
		EB41A0D12993E0EC003550B8 /* view */ = {
			isa = PBXGroup;
			children = (
				EB41A0EC2993E221003550B8 /* WatchDeliveryScreen.swift */,
			);
			path = view;
			sourceTree = "<group>";
		};
		EB41A0D22993E0F3003550B8 /* presenter */ = {
			isa = PBXGroup;
			children = (
				EB41A11E2993E421003550B8 /* OrderScreenPresenter.swift */,
			);
			path = presenter;
			sourceTree = "<group>";
		};
		EB41A0D32993E0FC003550B8 /* presenter */ = {
			isa = PBXGroup;
			children = (
				EB41A1202993E426003550B8 /* AccountDetailScreenPresenter.swift */,
			);
			path = presenter;
			sourceTree = "<group>";
		};
		EB41A0D42993E100003550B8 /* presenter */ = {
			isa = PBXGroup;
			children = (
				EB41A1222993E42C003550B8 /* FavoriteFoodScreenPresenter.swift */,
			);
			path = presenter;
			sourceTree = "<group>";
		};
		EB41A0D52993E104003550B8 /* presenter */ = {
			isa = PBXGroup;
			children = (
				EB41A1242993E431003550B8 /* WatchDeliveryScreenPresenter.swift */,
			);
			path = presenter;
			sourceTree = "<group>";
		};
		EB41A0D62993E10D003550B8 /* interactor */ = {
			isa = PBXGroup;
			children = (
				EB41A1122993E3FD003550B8 /* OrderScreenInteractor.swift */,
			);
			path = interactor;
			sourceTree = "<group>";
		};
		EB41A0D72993E113003550B8 /* interactor */ = {
			isa = PBXGroup;
			children = (
				EB41A1142993E402003550B8 /* AccountDetailScreenInteractor.swift */,
			);
			path = interactor;
			sourceTree = "<group>";
		};
		EB41A0D82993E118003550B8 /* interactor */ = {
			isa = PBXGroup;
			children = (
				EB41A1162993E407003550B8 /* FavoriteFoodScreenInteractor.swift */,
			);
			path = interactor;
			sourceTree = "<group>";
		};
		EB41A0D92993E11E003550B8 /* interactor */ = {
			isa = PBXGroup;
			children = (
				EB41A1182993E40D003550B8 /* WatchDeliveryScreenInteractor.swift */,
			);
			path = interactor;
			sourceTree = "<group>";
		};
		EB41A0DA2993E12A003550B8 /* router */ = {
			isa = PBXGroup;
			children = (
				EB41A1062993E3DC003550B8 /* OrderScreenRouter.swift */,
			);
			path = router;
			sourceTree = "<group>";
		};
		EB41A0DB2993E12E003550B8 /* router */ = {
			isa = PBXGroup;
			children = (
				EB41A1082993E3DF003550B8 /* AccountDetailScreenRouter.swift */,
			);
			path = router;
			sourceTree = "<group>";
		};
		EB41A0DC2993E131003550B8 /* router */ = {
			isa = PBXGroup;
			children = (
				EB41A10A2993E3E3003550B8 /* FavoriteFoodScreenRouter.swift */,
			);
			path = router;
			sourceTree = "<group>";
		};
		EB41A0DD2993E134003550B8 /* router */ = {
			isa = PBXGroup;
			children = (
				EB41A10C2993E3E7003550B8 /* WatchDeliveryScreenRouter.swift */,
			);
			path = router;
			sourceTree = "<group>";
		};
		EB41A0DE2993E13E003550B8 /* protocols */ = {
			isa = PBXGroup;
			children = (
				EB41A0FA2993E3AA003550B8 /* OrderScreenProtocols.swift */,
			);
			path = protocols;
			sourceTree = "<group>";
		};
		EB41A0DF2993E142003550B8 /* protocols */ = {
			isa = PBXGroup;
			children = (
				EB41A0FC2993E3AF003550B8 /* AccountDetailScreenProtocols.swift */,
			);
			path = protocols;
			sourceTree = "<group>";
		};
		EB41A0E02993E145003550B8 /* protocols */ = {
			isa = PBXGroup;
			children = (
				EB41A0FE2993E3B6003550B8 /* FavoriteFoodScreenProtocols.swift */,
			);
			path = protocols;
			sourceTree = "<group>";
		};
		EB41A0E12993E148003550B8 /* protocols */ = {
			isa = PBXGroup;
			children = (
				EB41A1002993E3BB003550B8 /* WatchDeliveryScreenProtocols.swift */,
			);
			path = protocols;
			sourceTree = "<group>";
		};
		EB4421BB29980C5700534BAB /* modules */ = {
			isa = PBXGroup;
			children = (
				EB41A0B82993D7B1003550B8 /* loginscreen-module */,
				EB41A0B92993D92B003550B8 /* homescreen-module */,
				EB41A0BA2993D9AB003550B8 /* mealdetailscreen-module */,
				EB41A0BB2993DA12003550B8 /* orderscreen-module */,
				EB41A0BC2993DB5B003550B8 /* accountdetailscreen-module */,
				EB41A0BD2993DB8B003550B8 /* favoritefoodscreen-module */,
				EB41A0BE2993DC30003550B8 /* watchdeliveryscreen-module */,
			);
			path = modules;
			sourceTree = "<group>";
		};
		EB8593AD2995784A006ABE92 /* collectionview */ = {
			isa = PBXGroup;
			children = (
				EB8593AE299578D4006ABE92 /* MealCell.swift */,
			);
			path = collectionview;
			sourceTree = "<group>";
		};
		EB936D512995C9500027C732 /* service */ = {
			isa = PBXGroup;
			children = (
			);
			path = service;
			sourceTree = "<group>";
		};
		EBAAA71029945A6100374286 /* extensions */ = {
			isa = PBXGroup;
			children = (
				EBAAA71129945A8D00374286 /* String+Ext.swift */,
				EB915ED129959FA90029C554 /* CGFloat+Ext.swift */,
			);
			path = extensions;
			sourceTree = "<group>";
		};
		EBAAA713299462E400374286 /* utilities */ = {
			isa = PBXGroup;
			children = (
				EB936D4F2995C8E10027C732 /* NetworkManager.swift */,
				EB915ECF29959F4E0029C554 /* UIHelper.swift */,
			);
			path = utilities;
			sourceTree = "<group>";
		};
		EBAAA7162994693D00374286 /* entity */ = {
			isa = PBXGroup;
			children = (
				EBAAA7172994698F00374286 /* Constants.swift */,
				EB936D492995AECF0027C732 /* Meals.swift */,
				EB936D4B2995B0780027C732 /* BasketMeals.swift */,
			);
			path = entity;
			sourceTree = "<group>";
		};
		EBB02BAD29912F57008A583F = {
			isa = PBXGroup;
			children = (
				EBB02BB829912F57008A583F /* GraduationProject */,
				EBB02BB729912F57008A583F /* Products */,
			);
			sourceTree = "<group>";
		};
		EBB02BB729912F57008A583F /* Products */ = {
			isa = PBXGroup;
			children = (
				EBB02BB629912F57008A583F /* GraduationProject.app */,
			);
			name = Products;
			sourceTree = "<group>";
		};
		EBB02BB829912F57008A583F /* GraduationProject */ = {
			isa = PBXGroup;
			children = (
				EBB02BB929912F57008A583F /* AppDelegate.swift */,
				EBB02BBB29912F57008A583F /* SceneDelegate.swift */,
				EBAAA71029945A6100374286 /* extensions */,
				EBAAA713299462E400374286 /* utilities */,
				EBAAA7162994693D00374286 /* entity */,
				EB936D512995C9500027C732 /* service */,
				EB4421BB29980C5700534BAB /* modules */,
				EBB02BBF29912F57008A583F /* Main.storyboard */,
				EBB02BC229912F57008A583F /* Assets.xcassets */,
				EBB02BC429912F57008A583F /* LaunchScreen.storyboard */,
				EBB02BC729912F57008A583F /* Info.plist */,
				EB739BAF2993788D0065634B /* GoogleService-Info.plist */,
			);
			path = GraduationProject;
			sourceTree = "<group>";
		};
/* End PBXGroup section */

/* Begin PBXNativeTarget section */
		EBB02BB529912F57008A583F /* GraduationProject */ = {
			isa = PBXNativeTarget;
			buildConfigurationList = EBB02BCA29912F57008A583F /* Build configuration list for PBXNativeTarget "GraduationProject" */;
			buildPhases = (
				EBB02BB229912F57008A583F /* Sources */,
				EBB02BB329912F57008A583F /* Frameworks */,
				EBB02BB429912F57008A583F /* Resources */,
			);
			buildRules = (
			);
			dependencies = (
			);
			name = GraduationProject;
			packageProductDependencies = (
				EB739BB229937A660065634B /* FirebaseAuth */,
				EB739BB429937A660065634B /* FirebaseDatabase */,
				EB936D472995A7170027C732 /* Kingfisher */,
				EBAF19842996E5CD00A97A53 /* Alamofire */,
				EBAF19872997023000A97A53 /* Lottie */,
			);
			productName = GraduationProject;
			productReference = EBB02BB629912F57008A583F /* GraduationProject.app */;
			productType = "com.apple.product-type.application";
		};
/* End PBXNativeTarget section */

/* Begin PBXProject section */
		EBB02BAE29912F57008A583F /* Project object */ = {
			isa = PBXProject;
			attributes = {
				BuildIndependentTargetsInParallel = 1;
				LastSwiftUpdateCheck = 1420;
				LastUpgradeCheck = 1420;
				TargetAttributes = {
					EBB02BB529912F57008A583F = {
						CreatedOnToolsVersion = 14.2;
					};
				};
			};
			buildConfigurationList = EBB02BB129912F57008A583F /* Build configuration list for PBXProject "GraduationProject" */;
			compatibilityVersion = "Xcode 14.0";
			developmentRegion = en;
			hasScannedForEncodings = 0;
			knownRegions = (
				en,
				Base,
			);
			mainGroup = EBB02BAD29912F57008A583F;
			packageReferences = (
				EB739BB129937A660065634B /* XCRemoteSwiftPackageReference "firebase-ios-sdk" */,
				EB936D462995A7170027C732 /* XCRemoteSwiftPackageReference "Kingfisher" */,
				EBAF19832996E5CD00A97A53 /* XCRemoteSwiftPackageReference "Alamofire" */,
				EBAF19862997023000A97A53 /* XCRemoteSwiftPackageReference "lottie-spm" */,
			);
			productRefGroup = EBB02BB729912F57008A583F /* Products */;
			projectDirPath = "";
			projectRoot = "";
			targets = (
				EBB02BB529912F57008A583F /* GraduationProject */,
			);
		};
/* End PBXProject section */

/* Begin PBXResourcesBuildPhase section */
		EBB02BB429912F57008A583F /* Resources */ = {
			isa = PBXResourcesBuildPhase;
			buildActionMask = 2147483647;
			files = (
				EBB02BC629912F57008A583F /* LaunchScreen.storyboard in Resources */,
				EBB02BC329912F57008A583F /* Assets.xcassets in Resources */,
				EBB02BC129912F57008A583F /* Main.storyboard in Resources */,
				EB739BB02993788D0065634B /* GoogleService-Info.plist in Resources */,
			);
			runOnlyForDeploymentPostprocessing = 0;
		};
/* End PBXResourcesBuildPhase section */

/* Begin PBXSourcesBuildPhase section */
		EBB02BB229912F57008A583F /* Sources */ = {
			isa = PBXSourcesBuildPhase;
			buildActionMask = 2147483647;
			files = (
				EB41A0F52993E339003550B8 /* LoginScreenPresenter.swift in Sources */,
				EB41A0F72993E39C003550B8 /* HomeScreenProtocols.swift in Sources */,
				EB41A10F2993E3F1003550B8 /* HomeScreenInteractor.swift in Sources */,
				EB41A0E32993E1AA003550B8 /* HomeScreen.swift in Sources */,
				EB41A1252993E431003550B8 /* WatchDeliveryScreenPresenter.swift in Sources */,
				EB41A0FB2993E3AA003550B8 /* OrderScreenProtocols.swift in Sources */,
				EB41A1012993E3BB003550B8 /* WatchDeliveryScreenProtocols.swift in Sources */,
				EB41A11B2993E418003550B8 /* HomeScreenPresenter.swift in Sources */,
				EB41A1172993E407003550B8 /* FavoriteFoodScreenInteractor.swift in Sources */,
				EBB02BBE29912F57008A583F /* LoginScreen.swift in Sources */,
				EB8593AF299578D4006ABE92 /* MealCell.swift in Sources */,
				EB41A0ED2993E221003550B8 /* WatchDeliveryScreen.swift in Sources */,
				EB915ED229959FA90029C554 /* CGFloat+Ext.swift in Sources */,
				EB41A11F2993E421003550B8 /* OrderScreenPresenter.swift in Sources */,
				EB41A0E92993E1DC003550B8 /* AccountDetailScreen.swift in Sources */,
				EB41A1032993E3CA003550B8 /* HomeScreenRouter.swift in Sources */,
				EB41A0EB2993E206003550B8 /* FavoriteFoodScreen.swift in Sources */,
				EB41A0F32993E331003550B8 /* LoginScreenInteractor.swift in Sources */,
				EB41A0E72993E1CC003550B8 /* OrderScreen.swift in Sources */,
				EB41A10B2993E3E3003550B8 /* FavoriteFoodScreenRouter.swift in Sources */,
				EB41A1212993E426003550B8 /* AccountDetailScreenPresenter.swift in Sources */,
				EB41A1092993E3DF003550B8 /* AccountDetailScreenRouter.swift in Sources */,
				EBAAA7182994698F00374286 /* Constants.swift in Sources */,
				EB41A1192993E40D003550B8 /* WatchDeliveryScreenInteractor.swift in Sources */,
				EB41A1052993E3D7003550B8 /* MealDetailScreenRouter.swift in Sources */,
				EB41A11D2993E41D003550B8 /* MealDetailScreenPresenter.swift in Sources */,
				EBB02BBA29912F57008A583F /* AppDelegate.swift in Sources */,
				EB936D502995C8E10027C732 /* NetworkManager.swift in Sources */,
				EB41A1072993E3DC003550B8 /* OrderScreenRouter.swift in Sources */,
				EB41A0F92993E3A1003550B8 /* MealDetailScreenProtocols.swift in Sources */,
				EB41A0E52993E1BA003550B8 /* MealDetailScreen.swift in Sources */,
				EB41A0FF2993E3B6003550B8 /* FavoriteFoodScreenProtocols.swift in Sources */,
				EB41A1152993E402003550B8 /* AccountDetailScreenInteractor.swift in Sources */,
				EBB02BBC29912F57008A583F /* SceneDelegate.swift in Sources */,
				EB915ED029959F4E0029C554 /* UIHelper.swift in Sources */,
				EB41A0FD2993E3AF003550B8 /* AccountDetailScreenProtocols.swift in Sources */,
				EB41A0F12993E32B003550B8 /* LoginScreenRouter.swift in Sources */,
				EBAAA71229945A8D00374286 /* String+Ext.swift in Sources */,
				EB41A1112993E3F7003550B8 /* MealDetailScreenInteractor.swift in Sources */,
				EB41A10D2993E3E7003550B8 /* WatchDeliveryScreenRouter.swift in Sources */,
				EB41A1132993E3FD003550B8 /* OrderScreenInteractor.swift in Sources */,
				EB936D4C2995B0780027C732 /* BasketMeals.swift in Sources */,
				EB41A1232993E42C003550B8 /* FavoriteFoodScreenPresenter.swift in Sources */,
				EB936D4A2995AECF0027C732 /* Meals.swift in Sources */,
				EB41A0EF2993E321003550B8 /* LoginScreenProtocols.swift in Sources */,
			);
			runOnlyForDeploymentPostprocessing = 0;
		};
/* End PBXSourcesBuildPhase section */

/* Begin PBXVariantGroup section */
		EBB02BBF29912F57008A583F /* Main.storyboard */ = {
			isa = PBXVariantGroup;
			children = (
				EBB02BC029912F57008A583F /* Base */,
			);
			name = Main.storyboard;
			sourceTree = "<group>";
		};
		EBB02BC429912F57008A583F /* LaunchScreen.storyboard */ = {
			isa = PBXVariantGroup;
			children = (
				EBB02BC529912F57008A583F /* Base */,
			);
			name = LaunchScreen.storyboard;
			sourceTree = "<group>";
		};
/* End PBXVariantGroup section */

/* Begin XCBuildConfiguration section */
		EBB02BC829912F57008A583F /* Debug */ = {
			isa = XCBuildConfiguration;
			buildSettings = {
				ALWAYS_SEARCH_USER_PATHS = NO;
				CLANG_ANALYZER_NONNULL = YES;
				CLANG_ANALYZER_NUMBER_OBJECT_CONVERSION = YES_AGGRESSIVE;
				CLANG_CXX_LANGUAGE_STANDARD = "gnu++20";
				CLANG_ENABLE_MODULES = YES;
				CLANG_ENABLE_OBJC_ARC = YES;
				CLANG_ENABLE_OBJC_WEAK = YES;
				CLANG_WARN_BLOCK_CAPTURE_AUTORELEASING = YES;
				CLANG_WARN_BOOL_CONVERSION = YES;
				CLANG_WARN_COMMA = YES;
				CLANG_WARN_CONSTANT_CONVERSION = YES;
				CLANG_WARN_DEPRECATED_OBJC_IMPLEMENTATIONS = YES;
				CLANG_WARN_DIRECT_OBJC_ISA_USAGE = YES_ERROR;
				CLANG_WARN_DOCUMENTATION_COMMENTS = YES;
				CLANG_WARN_EMPTY_BODY = YES;
				CLANG_WARN_ENUM_CONVERSION = YES;
				CLANG_WARN_INFINITE_RECURSION = YES;
				CLANG_WARN_INT_CONVERSION = YES;
				CLANG_WARN_NON_LITERAL_NULL_CONVERSION = YES;
				CLANG_WARN_OBJC_IMPLICIT_RETAIN_SELF = YES;
				CLANG_WARN_OBJC_LITERAL_CONVERSION = YES;
				CLANG_WARN_OBJC_ROOT_CLASS = YES_ERROR;
				CLANG_WARN_QUOTED_INCLUDE_IN_FRAMEWORK_HEADER = YES;
				CLANG_WARN_RANGE_LOOP_ANALYSIS = YES;
				CLANG_WARN_STRICT_PROTOTYPES = YES;
				CLANG_WARN_SUSPICIOUS_MOVE = YES;
				CLANG_WARN_UNGUARDED_AVAILABILITY = YES_AGGRESSIVE;
				CLANG_WARN_UNREACHABLE_CODE = YES;
				CLANG_WARN__DUPLICATE_METHOD_MATCH = YES;
				COPY_PHASE_STRIP = NO;
				DEBUG_INFORMATION_FORMAT = dwarf;
				ENABLE_STRICT_OBJC_MSGSEND = YES;
				ENABLE_TESTABILITY = YES;
				GCC_C_LANGUAGE_STANDARD = gnu11;
				GCC_DYNAMIC_NO_PIC = NO;
				GCC_NO_COMMON_BLOCKS = YES;
				GCC_OPTIMIZATION_LEVEL = 0;
				GCC_PREPROCESSOR_DEFINITIONS = (
					"DEBUG=1",
					"$(inherited)",
				);
				GCC_WARN_64_TO_32_BIT_CONVERSION = YES;
				GCC_WARN_ABOUT_RETURN_TYPE = YES_ERROR;
				GCC_WARN_UNDECLARED_SELECTOR = YES;
				GCC_WARN_UNINITIALIZED_AUTOS = YES_AGGRESSIVE;
				GCC_WARN_UNUSED_FUNCTION = YES;
				GCC_WARN_UNUSED_VARIABLE = YES;
				IPHONEOS_DEPLOYMENT_TARGET = 16.2;
				MTL_ENABLE_DEBUG_INFO = INCLUDE_SOURCE;
				MTL_FAST_MATH = YES;
				ONLY_ACTIVE_ARCH = YES;
				SDKROOT = iphoneos;
				SWIFT_ACTIVE_COMPILATION_CONDITIONS = DEBUG;
				SWIFT_OPTIMIZATION_LEVEL = "-Onone";
			};
			name = Debug;
		};
		EBB02BC929912F57008A583F /* Release */ = {
			isa = XCBuildConfiguration;
			buildSettings = {
				ALWAYS_SEARCH_USER_PATHS = NO;
				CLANG_ANALYZER_NONNULL = YES;
				CLANG_ANALYZER_NUMBER_OBJECT_CONVERSION = YES_AGGRESSIVE;
				CLANG_CXX_LANGUAGE_STANDARD = "gnu++20";
				CLANG_ENABLE_MODULES = YES;
				CLANG_ENABLE_OBJC_ARC = YES;
				CLANG_ENABLE_OBJC_WEAK = YES;
				CLANG_WARN_BLOCK_CAPTURE_AUTORELEASING = YES;
				CLANG_WARN_BOOL_CONVERSION = YES;
				CLANG_WARN_COMMA = YES;
				CLANG_WARN_CONSTANT_CONVERSION = YES;
				CLANG_WARN_DEPRECATED_OBJC_IMPLEMENTATIONS = YES;
				CLANG_WARN_DIRECT_OBJC_ISA_USAGE = YES_ERROR;
				CLANG_WARN_DOCUMENTATION_COMMENTS = YES;
				CLANG_WARN_EMPTY_BODY = YES;
				CLANG_WARN_ENUM_CONVERSION = YES;
				CLANG_WARN_INFINITE_RECURSION = YES;
				CLANG_WARN_INT_CONVERSION = YES;
				CLANG_WARN_NON_LITERAL_NULL_CONVERSION = YES;
				CLANG_WARN_OBJC_IMPLICIT_RETAIN_SELF = YES;
				CLANG_WARN_OBJC_LITERAL_CONVERSION = YES;
				CLANG_WARN_OBJC_ROOT_CLASS = YES_ERROR;
				CLANG_WARN_QUOTED_INCLUDE_IN_FRAMEWORK_HEADER = YES;
				CLANG_WARN_RANGE_LOOP_ANALYSIS = YES;
				CLANG_WARN_STRICT_PROTOTYPES = YES;
				CLANG_WARN_SUSPICIOUS_MOVE = YES;
				CLANG_WARN_UNGUARDED_AVAILABILITY = YES_AGGRESSIVE;
				CLANG_WARN_UNREACHABLE_CODE = YES;
				CLANG_WARN__DUPLICATE_METHOD_MATCH = YES;
				COPY_PHASE_STRIP = NO;
				DEBUG_INFORMATION_FORMAT = "dwarf-with-dsym";
				ENABLE_NS_ASSERTIONS = NO;
				ENABLE_STRICT_OBJC_MSGSEND = YES;
				GCC_C_LANGUAGE_STANDARD = gnu11;
				GCC_NO_COMMON_BLOCKS = YES;
				GCC_WARN_64_TO_32_BIT_CONVERSION = YES;
				GCC_WARN_ABOUT_RETURN_TYPE = YES_ERROR;
				GCC_WARN_UNDECLARED_SELECTOR = YES;
				GCC_WARN_UNINITIALIZED_AUTOS = YES_AGGRESSIVE;
				GCC_WARN_UNUSED_FUNCTION = YES;
				GCC_WARN_UNUSED_VARIABLE = YES;
				IPHONEOS_DEPLOYMENT_TARGET = 16.2;
				MTL_ENABLE_DEBUG_INFO = NO;
				MTL_FAST_MATH = YES;
				SDKROOT = iphoneos;
				SWIFT_COMPILATION_MODE = wholemodule;
				SWIFT_OPTIMIZATION_LEVEL = "-O";
				VALIDATE_PRODUCT = YES;
			};
			name = Release;
		};
		EBB02BCB29912F57008A583F /* Debug */ = {
			isa = XCBuildConfiguration;
			buildSettings = {
				ASSETCATALOG_COMPILER_APPICON_NAME = AppIcon;
				ASSETCATALOG_COMPILER_GLOBAL_ACCENT_COLOR_NAME = AccentColor;
				CODE_SIGN_STYLE = Automatic;
				CURRENT_PROJECT_VERSION = 1;
				DEVELOPMENT_TEAM = 8VZXPVXH33;
				GENERATE_INFOPLIST_FILE = YES;
				INFOPLIST_FILE = GraduationProject/Info.plist;
				INFOPLIST_KEY_CFBundleDisplayName = "Hemen Yemek";
				INFOPLIST_KEY_UIApplicationSupportsIndirectInputEvents = YES;
				INFOPLIST_KEY_UILaunchStoryboardName = LaunchScreen;
				INFOPLIST_KEY_UIMainStoryboardFile = Main;
				INFOPLIST_KEY_UISupportedInterfaceOrientations_iPad = "UIInterfaceOrientationPortrait UIInterfaceOrientationPortraitUpsideDown UIInterfaceOrientationLandscapeLeft UIInterfaceOrientationLandscapeRight";
				INFOPLIST_KEY_UISupportedInterfaceOrientations_iPhone = "UIInterfaceOrientationPortrait UIInterfaceOrientationLandscapeLeft UIInterfaceOrientationLandscapeRight";
				LD_RUNPATH_SEARCH_PATHS = (
					"$(inherited)",
					"@executable_path/Frameworks",
				);
				MARKETING_VERSION = 1.0;
				PRODUCT_BUNDLE_IDENTIFIER = com.berkaytuncel.GraduationProject;
				PRODUCT_NAME = "$(TARGET_NAME)";
				SWIFT_EMIT_LOC_STRINGS = YES;
				SWIFT_VERSION = 5.0;
				TARGETED_DEVICE_FAMILY = "1,2";
			};
			name = Debug;
		};
		EBB02BCC29912F57008A583F /* Release */ = {
			isa = XCBuildConfiguration;
			buildSettings = {
				ASSETCATALOG_COMPILER_APPICON_NAME = AppIcon;
				ASSETCATALOG_COMPILER_GLOBAL_ACCENT_COLOR_NAME = AccentColor;
				CODE_SIGN_STYLE = Automatic;
				CURRENT_PROJECT_VERSION = 1;
				DEVELOPMENT_TEAM = 8VZXPVXH33;
				GENERATE_INFOPLIST_FILE = YES;
				INFOPLIST_FILE = GraduationProject/Info.plist;
				INFOPLIST_KEY_CFBundleDisplayName = "Hemen Yemek";
				INFOPLIST_KEY_UIApplicationSupportsIndirectInputEvents = YES;
				INFOPLIST_KEY_UILaunchStoryboardName = LaunchScreen;
				INFOPLIST_KEY_UIMainStoryboardFile = Main;
				INFOPLIST_KEY_UISupportedInterfaceOrientations_iPad = "UIInterfaceOrientationPortrait UIInterfaceOrientationPortraitUpsideDown UIInterfaceOrientationLandscapeLeft UIInterfaceOrientationLandscapeRight";
				INFOPLIST_KEY_UISupportedInterfaceOrientations_iPhone = "UIInterfaceOrientationPortrait UIInterfaceOrientationLandscapeLeft UIInterfaceOrientationLandscapeRight";
				LD_RUNPATH_SEARCH_PATHS = (
					"$(inherited)",
					"@executable_path/Frameworks",
				);
				MARKETING_VERSION = 1.0;
				PRODUCT_BUNDLE_IDENTIFIER = com.berkaytuncel.GraduationProject;
				PRODUCT_NAME = "$(TARGET_NAME)";
				SWIFT_EMIT_LOC_STRINGS = YES;
				SWIFT_VERSION = 5.0;
				TARGETED_DEVICE_FAMILY = "1,2";
			};
			name = Release;
		};
/* End XCBuildConfiguration section */

/* Begin XCConfigurationList section */
		EBB02BB129912F57008A583F /* Build configuration list for PBXProject "GraduationProject" */ = {
			isa = XCConfigurationList;
			buildConfigurations = (
				EBB02BC829912F57008A583F /* Debug */,
				EBB02BC929912F57008A583F /* Release */,
			);
			defaultConfigurationIsVisible = 0;
			defaultConfigurationName = Release;
		};
		EBB02BCA29912F57008A583F /* Build configuration list for PBXNativeTarget "GraduationProject" */ = {
			isa = XCConfigurationList;
			buildConfigurations = (
				EBB02BCB29912F57008A583F /* Debug */,
				EBB02BCC29912F57008A583F /* Release */,
			);
			defaultConfigurationIsVisible = 0;
			defaultConfigurationName = Release;
		};
/* End XCConfigurationList section */

/* Begin XCRemoteSwiftPackageReference section */
		EB739BB129937A660065634B /* XCRemoteSwiftPackageReference "firebase-ios-sdk" */ = {
			isa = XCRemoteSwiftPackageReference;
			repositoryURL = "https://github.com/firebase/firebase-ios-sdk";
			requirement = {
				branch = master;
				kind = branch;
			};
		};
		EB936D462995A7170027C732 /* XCRemoteSwiftPackageReference "Kingfisher" */ = {
			isa = XCRemoteSwiftPackageReference;
			repositoryURL = "https://github.com/onevcat/Kingfisher.git";
			requirement = {
				branch = master;
				kind = branch;
			};
		};
		EBAF19832996E5CD00A97A53 /* XCRemoteSwiftPackageReference "Alamofire" */ = {
			isa = XCRemoteSwiftPackageReference;
			repositoryURL = "https://github.com/Alamofire/Alamofire.git";
			requirement = {
				branch = master;
				kind = branch;
			};
		};
		EBAF19862997023000A97A53 /* XCRemoteSwiftPackageReference "lottie-spm" */ = {
			isa = XCRemoteSwiftPackageReference;
			repositoryURL = "https://github.com/airbnb/lottie-spm.git";
			requirement = {
				kind = upToNextMajorVersion;
				minimumVersion = 4.0.0;
			};
		};
/* End XCRemoteSwiftPackageReference section */

/* Begin XCSwiftPackageProductDependency section */
		EB739BB229937A660065634B /* FirebaseAuth */ = {
			isa = XCSwiftPackageProductDependency;
			package = EB739BB129937A660065634B /* XCRemoteSwiftPackageReference "firebase-ios-sdk" */;
			productName = FirebaseAuth;
		};
		EB739BB429937A660065634B /* FirebaseDatabase */ = {
			isa = XCSwiftPackageProductDependency;
			package = EB739BB129937A660065634B /* XCRemoteSwiftPackageReference "firebase-ios-sdk" */;
			productName = FirebaseDatabase;
		};
		EB936D472995A7170027C732 /* Kingfisher */ = {
			isa = XCSwiftPackageProductDependency;
			package = EB936D462995A7170027C732 /* XCRemoteSwiftPackageReference "Kingfisher" */;
			productName = Kingfisher;
		};
		EBAF19842996E5CD00A97A53 /* Alamofire */ = {
			isa = XCSwiftPackageProductDependency;
			package = EBAF19832996E5CD00A97A53 /* XCRemoteSwiftPackageReference "Alamofire" */;
			productName = Alamofire;
		};
		EBAF19872997023000A97A53 /* Lottie */ = {
			isa = XCSwiftPackageProductDependency;
			package = EBAF19862997023000A97A53 /* XCRemoteSwiftPackageReference "lottie-spm" */;
			productName = Lottie;
		};
/* End XCSwiftPackageProductDependency section */
	};
	rootObject = EBB02BAE29912F57008A583F /* Project object */;
}
